
Microsoft Visual Studio Solution File, Format Version 12.00
# Visual Studio 15
Project("{FAE04EC0-301F-11D3-BF4B-00C04F79EFBC}") = "Assembly-CSharp", "Assembly-CSharp.csproj", "{F8F95AD4-B542-6E36-FD7B-F8E9B5041FD4}"
EndProject
Global
	GlobalSection(SolutionConfigurationPlatforms) = preSolution
		Debug|Any CPU = Debug|Any CPU
		Release|Any CPU = Release|Any CPU
	EndGlobalSection
	GlobalSection(ProjectConfigurationPlatforms) = postSolution
		{F8F95AD4-B542-6E36-FD7B-F8E9B5041FD4}.Debug|Any CPU.ActiveCfg = Debug|Any CPU
		{F8F95AD4-B542-6E36-FD7B-F8E9B5041FD4}.Debug|Any CPU.Build.0 = Debug|Any CPU
		{F8F95AD4-B542-6E36-FD7B-F8E9B5041FD4}.Release|Any CPU.ActiveCfg = Release|Any CPU
		{F8F95AD4-B542-6E36-FD7B-F8E9B5041FD4}.Release|Any CPU.Build.0 = Release|Any CPU
	EndGlobalSection
	GlobalSection(SolutionProperties) = preSolution
		HideSolutionNode = FALSE
	EndGlobalSection
EndGlobal
